// !$*UTF8*$!
{
	archiveVersion = 1;
	classes = {
	};
	objectVersion = 50;
	objects = {

/* Begin PBXBuildFile section */
		BD59ADD1246C0F33008AC2F1 /* SystemConfiguration.framework in Frameworks */ = {isa = PBXBuildFile; fileRef = BD59ADD0246C0F33008AC2F1 /* SystemConfiguration.framework */; };
		BD59ADD3246C0F40008AC2F1 /* Security.framework in Frameworks */ = {isa = PBXBuildFile; fileRef = BD59ADD2246C0F40008AC2F1 /* Security.framework */; };
		BDB27CC82466968D00DAD8C9 /* AppDelegate.swift in Sources */ = {isa = PBXBuildFile; fileRef = BDB27CC72466968D00DAD8C9 /* AppDelegate.swift */; };
		BDB27CCC2466968F00DAD8C9 /* Assets.xcassets in Resources */ = {isa = PBXBuildFile; fileRef = BDB27CCB2466968F00DAD8C9 /* Assets.xcassets */; };
		BDB27CD22466968F00DAD8C9 /* Main.storyboard in Resources */ = {isa = PBXBuildFile; fileRef = BDB27CD02466968F00DAD8C9 /* Main.storyboard */; };
		BDB27D012466C4C000DAD8C9 /* constants.swift in Sources */ = {isa = PBXBuildFile; fileRef = BDB27D002466C4C000DAD8C9 /* constants.swift */; };
		BDB27D0B246B8EB400DAD8C9 /* Preferences.swift in Sources */ = {isa = PBXBuildFile; fileRef = BDB27D0A246B8EB400DAD8C9 /* Preferences.swift */; };
		BDB27D0D246B8EFE00DAD8C9 /* PreferencesController.swift in Sources */ = {isa = PBXBuildFile; fileRef = BDB27D0C246B8EFE00DAD8C9 /* PreferencesController.swift */; };
		BDB27D0F246BC47900DAD8C9 /* NetworkConfigUitl.swift in Sources */ = {isa = PBXBuildFile; fileRef = BDB27D0E246BC47900DAD8C9 /* NetworkConfigUitl.swift */; };
		F87F29C52466EFB30054EF26 /* utils.swift in Sources */ = {isa = PBXBuildFile; fileRef = F87F29C42466EFB30054EF26 /* utils.swift */; };
		F8A294CE2467B90D00C905D7 /* start-cli-go-to-net.sh in Resources */ = {isa = PBXBuildFile; fileRef = F8A294CC2467B90D00C905D7 /* start-cli-go-to-net.sh */; };
		F8A294CF2467B90D00C905D7 /* stop-cli-go-to-net.sh in Resources */ = {isa = PBXBuildFile; fileRef = F8A294CD2467B90D00C905D7 /* stop-cli-go-to-net.sh */; };
		F8A294D22467BE8800C905D7 /* install-cli-go-to-net.sh in Resources */ = {isa = PBXBuildFile; fileRef = F8A294D02467BE8700C905D7 /* install-cli-go-to-net.sh */; };
		F8A294D32467BE8800C905D7 /* cli-go-to-net in Resources */ = {isa = PBXBuildFile; fileRef = F8A294D12467BE8800C905D7 /* cli-go-to-net */; };
		F8A294DD2467EE1200C905D7 /* ServerConfig.swift in Sources */ = {isa = PBXBuildFile; fileRef = F8A294DC2467EE1200C905D7 /* ServerConfig.swift */; };
		F8A294E02468005800C905D7 /* NetworkExtension.framework in Frameworks */ = {isa = PBXBuildFile; fileRef = F8A294DF2468005800C905D7 /* NetworkExtension.framework */; };
		F8A294E424697CA800C905D7 /* ServerEditor.swift in Sources */ = {isa = PBXBuildFile; fileRef = F8A294E324697CA800C905D7 /* ServerEditor.swift */; };
		F8A294E624698A8B00C905D7 /* ServerEditorController.swift in Sources */ = {isa = PBXBuildFile; fileRef = F8A294E524698A8B00C905D7 /* ServerEditorController.swift */; };
/* End PBXBuildFile section */

/* Begin PBXFileReference section */
		BD59ADD0246C0F33008AC2F1 /* SystemConfiguration.framework */ = {isa = PBXFileReference; lastKnownFileType = wrapper.framework; name = SystemConfiguration.framework; path = System/Library/Frameworks/SystemConfiguration.framework; sourceTree = SDKROOT; };
		BD59ADD2246C0F40008AC2F1 /* Security.framework */ = {isa = PBXFileReference; lastKnownFileType = wrapper.framework; name = Security.framework; path = System/Library/Frameworks/Security.framework; sourceTree = SDKROOT; };
		BDB27CC42466968D00DAD8C9 /* GoToNetUI-X.app */ = {isa = PBXFileReference; explicitFileType = wrapper.application; includeInIndex = 0; path = "GoToNetUI-X.app"; sourceTree = BUILT_PRODUCTS_DIR; };
		BDB27CC72466968D00DAD8C9 /* AppDelegate.swift */ = {isa = PBXFileReference; lastKnownFileType = sourcecode.swift; path = AppDelegate.swift; sourceTree = "<group>"; };
		BDB27CCB2466968F00DAD8C9 /* Assets.xcassets */ = {isa = PBXFileReference; lastKnownFileType = folder.assetcatalog; path = Assets.xcassets; sourceTree = "<group>"; };
		BDB27CD12466968F00DAD8C9 /* Base */ = {isa = PBXFileReference; lastKnownFileType = file.storyboard; name = Base; path = Base.lproj/Main.storyboard; sourceTree = "<group>"; };
		BDB27CD32466968F00DAD8C9 /* Info.plist */ = {isa = PBXFileReference; lastKnownFileType = text.plist.xml; path = Info.plist; sourceTree = "<group>"; };
		BDB27CD42466968F00DAD8C9 /* GoToNetUI_X.entitlements */ = {isa = PBXFileReference; lastKnownFileType = text.plist.entitlements; path = GoToNetUI_X.entitlements; sourceTree = "<group>"; };
		BDB27D002466C4C000DAD8C9 /* constants.swift */ = {isa = PBXFileReference; lastKnownFileType = sourcecode.swift; path = constants.swift; sourceTree = "<group>"; };
		BDB27D0A246B8EB400DAD8C9 /* Preferences.swift */ = {isa = PBXFileReference; lastKnownFileType = sourcecode.swift; path = Preferences.swift; sourceTree = "<group>"; };
		BDB27D0C246B8EFE00DAD8C9 /* PreferencesController.swift */ = {isa = PBXFileReference; lastKnownFileType = sourcecode.swift; path = PreferencesController.swift; sourceTree = "<group>"; };
		BDB27D0E246BC47900DAD8C9 /* NetworkConfigUitl.swift */ = {isa = PBXFileReference; lastKnownFileType = sourcecode.swift; path = NetworkConfigUitl.swift; sourceTree = "<group>"; };
		F87F29C42466EFB30054EF26 /* utils.swift */ = {isa = PBXFileReference; lastKnownFileType = sourcecode.swift; path = utils.swift; sourceTree = "<group>"; };
		F8A294CC2467B90D00C905D7 /* start-cli-go-to-net.sh */ = {isa = PBXFileReference; lastKnownFileType = text.script.sh; path = "start-cli-go-to-net.sh"; sourceTree = "<group>"; };
		F8A294CD2467B90D00C905D7 /* stop-cli-go-to-net.sh */ = {isa = PBXFileReference; lastKnownFileType = text.script.sh; path = "stop-cli-go-to-net.sh"; sourceTree = "<group>"; };
		F8A294D02467BE8700C905D7 /* install-cli-go-to-net.sh */ = {isa = PBXFileReference; lastKnownFileType = text.script.sh; path = "install-cli-go-to-net.sh"; sourceTree = "<group>"; };
		F8A294D12467BE8800C905D7 /* cli-go-to-net */ = {isa = PBXFileReference; lastKnownFileType = "compiled.mach-o.executable"; path = "cli-go-to-net"; sourceTree = "<group>"; };
		F8A294DC2467EE1200C905D7 /* ServerConfig.swift */ = {isa = PBXFileReference; lastKnownFileType = sourcecode.swift; path = ServerConfig.swift; sourceTree = "<group>"; };
		F8A294DF2468005800C905D7 /* NetworkExtension.framework */ = {isa = PBXFileReference; lastKnownFileType = wrapper.framework; name = NetworkExtension.framework; path = System/Library/Frameworks/NetworkExtension.framework; sourceTree = SDKROOT; };
		F8A294E324697CA800C905D7 /* ServerEditor.swift */ = {isa = PBXFileReference; lastKnownFileType = sourcecode.swift; path = ServerEditor.swift; sourceTree = "<group>"; };
		F8A294E524698A8B00C905D7 /* ServerEditorController.swift */ = {isa = PBXFileReference; lastKnownFileType = sourcecode.swift; path = ServerEditorController.swift; sourceTree = "<group>"; };
/* End PBXFileReference section */

/* Begin PBXFrameworksBuildPhase section */
		BDB27CC12466968D00DAD8C9 /* Frameworks */ = {
			isa = PBXFrameworksBuildPhase;
			buildActionMask = 2147483647;
			files = (
				BD59ADD1246C0F33008AC2F1 /* SystemConfiguration.framework in Frameworks */,
				BD59ADD3246C0F40008AC2F1 /* Security.framework in Frameworks */,
				F8A294E02468005800C905D7 /* NetworkExtension.framework in Frameworks */,
			);
			runOnlyForDeploymentPostprocessing = 0;
		};
/* End PBXFrameworksBuildPhase section */

/* Begin PBXGroup section */
		BDB27CBB2466968D00DAD8C9 = {
			isa = PBXGroup;
			children = (
				BDB27CC62466968D00DAD8C9 /* GoToNetUI-X */,
				BDB27CC52466968D00DAD8C9 /* Products */,
				F8A294DE2468005800C905D7 /* Frameworks */,
			);
			sourceTree = "<group>";
		};
		BDB27CC52466968D00DAD8C9 /* Products */ = {
			isa = PBXGroup;
			children = (
				BDB27CC42466968D00DAD8C9 /* GoToNetUI-X.app */,
			);
			name = Products;
			sourceTree = "<group>";
		};
		BDB27CC62466968D00DAD8C9 /* GoToNetUI-X */ = {
			isa = PBXGroup;
			children = (
				BDB27D0224691A0100DAD8C9 /* UI */,
				F8A294CA24670CA300C905D7 /* Support Files */,
				BDB27CC72466968D00DAD8C9 /* AppDelegate.swift */,
				BDB27CCB2466968F00DAD8C9 /* Assets.xcassets */,
				BDB27CD02466968F00DAD8C9 /* Main.storyboard */,
				BDB27CD32466968F00DAD8C9 /* Info.plist */,
				BDB27CD42466968F00DAD8C9 /* GoToNetUI_X.entitlements */,
				BDB27D002466C4C000DAD8C9 /* constants.swift */,
				F87F29C42466EFB30054EF26 /* utils.swift */,
				F8A294DC2467EE1200C905D7 /* ServerConfig.swift */,
				BDB27D0E246BC47900DAD8C9 /* NetworkConfigUitl.swift */,
			);
			path = "GoToNetUI-X";
			sourceTree = "<group>";
		};
		BDB27D0224691A0100DAD8C9 /* UI */ = {
			isa = PBXGroup;
			children = (
				F8A294E324697CA800C905D7 /* ServerEditor.swift */,
				F8A294E524698A8B00C905D7 /* ServerEditorController.swift */,
				BDB27D0A246B8EB400DAD8C9 /* Preferences.swift */,
				BDB27D0C246B8EFE00DAD8C9 /* PreferencesController.swift */,
			);
			path = UI;
			sourceTree = "<group>";
		};
		F8A294CA24670CA300C905D7 /* Support Files */ = {
			isa = PBXGroup;
			children = (
				F8A294CB24670CB200C905D7 /* go-to-net */,
			);
			name = "Support Files";
			sourceTree = "<group>";
		};
		F8A294CB24670CB200C905D7 /* go-to-net */ = {
			isa = PBXGroup;
			children = (
				F8A294D12467BE8800C905D7 /* cli-go-to-net */,
				F8A294D02467BE8700C905D7 /* install-cli-go-to-net.sh */,
				F8A294CC2467B90D00C905D7 /* start-cli-go-to-net.sh */,
				F8A294CD2467B90D00C905D7 /* stop-cli-go-to-net.sh */,
			);
			path = "go-to-net";
			sourceTree = "<group>";
		};
		F8A294DE2468005800C905D7 /* Frameworks */ = {
			isa = PBXGroup;
			children = (
				BD59ADD2246C0F40008AC2F1 /* Security.framework */,
				BD59ADD0246C0F33008AC2F1 /* SystemConfiguration.framework */,
				F8A294DF2468005800C905D7 /* NetworkExtension.framework */,
			);
			name = Frameworks;
			sourceTree = "<group>";
		};
/* End PBXGroup section */

/* Begin PBXNativeTarget section */
		BDB27CC32466968D00DAD8C9 /* GoToNetUI-X */ = {
			isa = PBXNativeTarget;
			buildConfigurationList = BDB27CD72466968F00DAD8C9 /* Build configuration list for PBXNativeTarget "GoToNetUI-X" */;
			buildPhases = (
				BDB27CC02466968D00DAD8C9 /* Sources */,
				BDB27CC12466968D00DAD8C9 /* Frameworks */,
				BDB27CC22466968D00DAD8C9 /* Resources */,
			);
			buildRules = (
			);
			dependencies = (
			);
			name = "GoToNetUI-X";
			productName = "GoToNetUI-X";
			productReference = BDB27CC42466968D00DAD8C9 /* GoToNetUI-X.app */;
			productType = "com.apple.product-type.application";
		};
/* End PBXNativeTarget section */

/* Begin PBXProject section */
		BDB27CBC2466968D00DAD8C9 /* Project object */ = {
			isa = PBXProject;
			attributes = {
				KnownAssetTags = (
					New,
				);
				LastSwiftUpdateCheck = 1140;
				LastUpgradeCheck = 1140;
				ORGANIZATIONNAME = Luna;
				TargetAttributes = {
					BDB27CC32466968D00DAD8C9 = {
						CreatedOnToolsVersion = 11.4.1;
					};
				};
			};
			buildConfigurationList = BDB27CBF2466968D00DAD8C9 /* Build configuration list for PBXProject "GoToNetUI-X" */;
			compatibilityVersion = "Xcode 9.3";
			developmentRegion = en;
			hasScannedForEncodings = 0;
			knownRegions = (
				en,
				Base,
			);
			mainGroup = BDB27CBB2466968D00DAD8C9;
			productRefGroup = BDB27CC52466968D00DAD8C9 /* Products */;
			projectDirPath = "";
			projectRoot = "";
			targets = (
				BDB27CC32466968D00DAD8C9 /* GoToNetUI-X */,
			);
		};
/* End PBXProject section */

/* Begin PBXResourcesBuildPhase section */
		BDB27CC22466968D00DAD8C9 /* Resources */ = {
			isa = PBXResourcesBuildPhase;
			buildActionMask = 2147483647;
			files = (
				F8A294D22467BE8800C905D7 /* install-cli-go-to-net.sh in Resources */,
				F8A294D32467BE8800C905D7 /* cli-go-to-net in Resources */,
				F8A294CE2467B90D00C905D7 /* start-cli-go-to-net.sh in Resources */,
				F8A294CF2467B90D00C905D7 /* stop-cli-go-to-net.sh in Resources */,
				BDB27CD22466968F00DAD8C9 /* Main.storyboard in Resources */,
				BDB27CCC2466968F00DAD8C9 /* Assets.xcassets in Resources */,
			);
			runOnlyForDeploymentPostprocessing = 0;
		};
/* End PBXResourcesBuildPhase section */

/* Begin PBXSourcesBuildPhase section */
		BDB27CC02466968D00DAD8C9 /* Sources */ = {
			isa = PBXSourcesBuildPhase;
			buildActionMask = 2147483647;
			files = (
				BDB27CC82466968D00DAD8C9 /* AppDelegate.swift in Sources */,
				BDB27D0B246B8EB400DAD8C9 /* Preferences.swift in Sources */,
				BDB27D012466C4C000DAD8C9 /* constants.swift in Sources */,
				F8A294DD2467EE1200C905D7 /* ServerConfig.swift in Sources */,
				BDB27D0D246B8EFE00DAD8C9 /* PreferencesController.swift in Sources */,
				F87F29C52466EFB30054EF26 /* utils.swift in Sources */,
				F8A294E424697CA800C905D7 /* ServerEditor.swift in Sources */,
				BDB27D0F246BC47900DAD8C9 /* NetworkConfigUitl.swift in Sources */,
				F8A294E624698A8B00C905D7 /* ServerEditorController.swift in Sources */,
			);
			runOnlyForDeploymentPostprocessing = 0;
		};
/* End PBXSourcesBuildPhase section */

/* Begin PBXVariantGroup section */
		BDB27CD02466968F00DAD8C9 /* Main.storyboard */ = {
			isa = PBXVariantGroup;
			children = (
				BDB27CD12466968F00DAD8C9 /* Base */,
			);
			name = Main.storyboard;
			sourceTree = "<group>";
		};
/* End PBXVariantGroup section */

/* Begin XCBuildConfiguration section */
		BDB27CD52466968F00DAD8C9 /* Debug */ = {
			isa = XCBuildConfiguration;
			buildSettings = {
				ALWAYS_SEARCH_USER_PATHS = NO;
				CLANG_ANALYZER_NONNULL = YES;
				CLANG_ANALYZER_NUMBER_OBJECT_CONVERSION = YES_AGGRESSIVE;
				CLANG_CXX_LANGUAGE_STANDARD = "gnu++14";
				CLANG_CXX_LIBRARY = "libc++";
				CLANG_ENABLE_MODULES = YES;
				CLANG_ENABLE_OBJC_ARC = YES;
				CLANG_ENABLE_OBJC_WEAK = YES;
				CLANG_WARN_BLOCK_CAPTURE_AUTORELEASING = YES;
				CLANG_WARN_BOOL_CONVERSION = YES;
				CLANG_WARN_COMMA = YES;
				CLANG_WARN_CONSTANT_CONVERSION = YES;
				CLANG_WARN_DEPRECATED_OBJC_IMPLEMENTATIONS = YES;
				CLANG_WARN_DIRECT_OBJC_ISA_USAGE = YES_ERROR;
				CLANG_WARN_DOCUMENTATION_COMMENTS = YES;
				CLANG_WARN_EMPTY_BODY = YES;
				CLANG_WARN_ENUM_CONVERSION = YES;
				CLANG_WARN_INFINITE_RECURSION = YES;
				CLANG_WARN_INT_CONVERSION = YES;
				CLANG_WARN_NON_LITERAL_NULL_CONVERSION = YES;
				CLANG_WARN_OBJC_IMPLICIT_RETAIN_SELF = YES;
				CLANG_WARN_OBJC_LITERAL_CONVERSION = YES;
				CLANG_WARN_OBJC_ROOT_CLASS = YES_ERROR;
				CLANG_WARN_RANGE_LOOP_ANALYSIS = YES;
				CLANG_WARN_STRICT_PROTOTYPES = YES;
				CLANG_WARN_SUSPICIOUS_MOVE = YES;
				CLANG_WARN_UNGUARDED_AVAILABILITY = YES_AGGRESSIVE;
				CLANG_WARN_UNREACHABLE_CODE = YES;
				CLANG_WARN__DUPLICATE_METHOD_MATCH = YES;
				COPY_PHASE_STRIP = NO;
				DEBUG_INFORMATION_FORMAT = dwarf;
				ENABLE_STRICT_OBJC_MSGSEND = YES;
				ENABLE_TESTABILITY = YES;
				GCC_C_LANGUAGE_STANDARD = gnu11;
				GCC_DYNAMIC_NO_PIC = NO;
				GCC_NO_COMMON_BLOCKS = YES;
				GCC_OPTIMIZATION_LEVEL = 0;
				GCC_PREPROCESSOR_DEFINITIONS = (
					"DEBUG=1",
					"$(inherited)",
				);
				GCC_WARN_64_TO_32_BIT_CONVERSION = YES;
				GCC_WARN_ABOUT_RETURN_TYPE = YES_ERROR;
				GCC_WARN_UNDECLARED_SELECTOR = YES;
				GCC_WARN_UNINITIALIZED_AUTOS = YES_AGGRESSIVE;
				GCC_WARN_UNUSED_FUNCTION = YES;
				GCC_WARN_UNUSED_VARIABLE = YES;
				MACOSX_DEPLOYMENT_TARGET = 10.15;
				MTL_ENABLE_DEBUG_INFO = INCLUDE_SOURCE;
				MTL_FAST_MATH = YES;
				ONLY_ACTIVE_ARCH = YES;
				SDKROOT = macosx;
				SWIFT_ACTIVE_COMPILATION_CONDITIONS = DEBUG;
				SWIFT_OPTIMIZATION_LEVEL = "-Onone";
			};
			name = Debug;
		};
		BDB27CD62466968F00DAD8C9 /* Release */ = {
			isa = XCBuildConfiguration;
			buildSettings = {
				ALWAYS_SEARCH_USER_PATHS = NO;
				CLANG_ANALYZER_NONNULL = YES;
				CLANG_ANALYZER_NUMBER_OBJECT_CONVERSION = YES_AGGRESSIVE;
				CLANG_CXX_LANGUAGE_STANDARD = "gnu++14";
				CLANG_CXX_LIBRARY = "libc++";
				CLANG_ENABLE_MODULES = YES;
				CLANG_ENABLE_OBJC_ARC = YES;
				CLANG_ENABLE_OBJC_WEAK = YES;
				CLANG_WARN_BLOCK_CAPTURE_AUTORELEASING = YES;
				CLANG_WARN_BOOL_CONVERSION = YES;
				CLANG_WARN_COMMA = YES;
				CLANG_WARN_CONSTANT_CONVERSION = YES;
				CLANG_WARN_DEPRECATED_OBJC_IMPLEMENTATIONS = YES;
				CLANG_WARN_DIRECT_OBJC_ISA_USAGE = YES_ERROR;
				CLANG_WARN_DOCUMENTATION_COMMENTS = YES;
				CLANG_WARN_EMPTY_BODY = YES;
				CLANG_WARN_ENUM_CONVERSION = YES;
				CLANG_WARN_INFINITE_RECURSION = YES;
				CLANG_WARN_INT_CONVERSION = YES;
				CLANG_WARN_NON_LITERAL_NULL_CONVERSION = YES;
				CLANG_WARN_OBJC_IMPLICIT_RETAIN_SELF = YES;
				CLANG_WARN_OBJC_LITERAL_CONVERSION = YES;
				CLANG_WARN_OBJC_ROOT_CLASS = YES_ERROR;
				CLANG_WARN_RANGE_LOOP_ANALYSIS = YES;
				CLANG_WARN_STRICT_PROTOTYPES = YES;
				CLANG_WARN_SUSPICIOUS_MOVE = YES;
				CLANG_WARN_UNGUARDED_AVAILABILITY = YES_AGGRESSIVE;
				CLANG_WARN_UNREACHABLE_CODE = YES;
				CLANG_WARN__DUPLICATE_METHOD_MATCH = YES;
				COPY_PHASE_STRIP = NO;
				DEBUG_INFORMATION_FORMAT = "dwarf-with-dsym";
				ENABLE_NS_ASSERTIONS = NO;
				ENABLE_STRICT_OBJC_MSGSEND = YES;
				GCC_C_LANGUAGE_STANDARD = gnu11;
				GCC_NO_COMMON_BLOCKS = YES;
				GCC_WARN_64_TO_32_BIT_CONVERSION = YES;
				GCC_WARN_ABOUT_RETURN_TYPE = YES_ERROR;
				GCC_WARN_UNDECLARED_SELECTOR = YES;
				GCC_WARN_UNINITIALIZED_AUTOS = YES_AGGRESSIVE;
				GCC_WARN_UNUSED_FUNCTION = YES;
				GCC_WARN_UNUSED_VARIABLE = YES;
				MACOSX_DEPLOYMENT_TARGET = 10.15;
				MTL_ENABLE_DEBUG_INFO = NO;
				MTL_FAST_MATH = YES;
				SDKROOT = macosx;
				SWIFT_COMPILATION_MODE = wholemodule;
				SWIFT_OPTIMIZATION_LEVEL = "-O";
			};
			name = Release;
		};
		BDB27CD82466968F00DAD8C9 /* Debug */ = {
			isa = XCBuildConfiguration;
			buildSettings = {
				ASSETCATALOG_COMPILER_APPICON_NAME = AppIcon;
				CODE_SIGN_ENTITLEMENTS = "GoToNetUI-X/GoToNetUI_X.entitlements";
				CODE_SIGN_IDENTITY = "-";
				CODE_SIGN_STYLE = Manual;
				COMBINE_HIDPI_IMAGES = YES;
				DEVELOPMENT_ASSET_PATHS = "\"GoToNetUI-X/Preview Content\"";
				DEVELOPMENT_TEAM = "";
				ENABLE_PREVIEWS = YES;
				INFOPLIST_FILE = "GoToNetUI-X/Info.plist";
				LD_RUNPATH_SEARCH_PATHS = (
					"$(inherited)",
					"@executable_path/../Frameworks",
				);
				MACOSX_DEPLOYMENT_TARGET = 10.15;
				PRODUCT_BUNDLE_IDENTIFIER = "xin.luna.GoToNetUI-X";
				PRODUCT_NAME = "$(TARGET_NAME)";
				PROVISIONING_PROFILE_SPECIFIER = "";
				SWIFT_VERSION = 5.0;
			};
			name = Debug;
		};
		BDB27CD92466968F00DAD8C9 /* Release */ = {
			isa = XCBuildConfiguration;
			buildSettings = {
				ASSETCATALOG_COMPILER_APPICON_NAME = AppIcon;
				CODE_SIGN_ENTITLEMENTS = "GoToNetUI-X/GoToNetUI_X.entitlements";
				CODE_SIGN_IDENTITY = "-";
				CODE_SIGN_STYLE = Manual;
				COMBINE_HIDPI_IMAGES = YES;
				DEVELOPMENT_ASSET_PATHS = "\"GoToNetUI-X/Preview Content\"";
				DEVELOPMENT_TEAM = "";
				ENABLE_PREVIEWS = YES;
				INFOPLIST_FILE = "GoToNetUI-X/Info.plist";
				LD_RUNPATH_SEARCH_PATHS = (
					"$(inherited)",
					"@executable_path/../Frameworks",
				);
				MACOSX_DEPLOYMENT_TARGET = 10.15;
				PRODUCT_BUNDLE_IDENTIFIER = "xin.luna.GoToNetUI-X";
				PRODUCT_NAME = "$(TARGET_NAME)";
				PROVISIONING_PROFILE_SPECIFIER = "";
				SWIFT_VERSION = 5.0;
			};
			name = Release;
		};
/* End XCBuildConfiguration section */

/* Begin XCConfigurationList section */
		BDB27CBF2466968D00DAD8C9 /* Build configuration list for PBXProject "GoToNetUI-X" */ = {
			isa = XCConfigurationList;
			buildConfigurations = (
				BDB27CD52466968F00DAD8C9 /* Debug */,
				BDB27CD62466968F00DAD8C9 /* Release */,
			);
			defaultConfigurationIsVisible = 0;
			defaultConfigurationName = Release;
		};
		BDB27CD72466968F00DAD8C9 /* Build configuration list for PBXNativeTarget "GoToNetUI-X" */ = {
			isa = XCConfigurationList;
			buildConfigurations = (
				BDB27CD82466968F00DAD8C9 /* Debug */,
				BDB27CD92466968F00DAD8C9 /* Release */,
			);
			defaultConfigurationIsVisible = 0;
			defaultConfigurationName = Release;
		};
/* End XCConfigurationList section */
	};
	rootObject = BDB27CBC2466968D00DAD8C9 /* Project object */;
}
