// !$*UTF8*$!
{
	archiveVersion = 1;
	classes = {
	};
	objectVersion = 50;
	objects = {

/* Begin PBXBuildFile section */
		BDB27CC82466968D00DAD8C9 /* AppDelegate.swift in Sources */ = {isa = PBXBuildFile; fileRef = BDB27CC72466968D00DAD8C9 /* AppDelegate.swift */; };
		BDB27CCA2466968D00DAD8C9 /* ContentView.swift in Sources */ = {isa = PBXBuildFile; fileRef = BDB27CC92466968D00DAD8C9 /* ContentView.swift */; };
		BDB27CCC2466968F00DAD8C9 /* Assets.xcassets in Resources */ = {isa = PBXBuildFile; fileRef = BDB27CCB2466968F00DAD8C9 /* Assets.xcassets */; };
		BDB27CCF2466968F00DAD8C9 /* Preview Assets.xcassets in Resources */ = {isa = PBXBuildFile; fileRef = BDB27CCE2466968F00DAD8C9 /* Preview Assets.xcassets */; };
		BDB27CD22466968F00DAD8C9 /* Main.storyboard in Resources */ = {isa = PBXBuildFile; fileRef = BDB27CD02466968F00DAD8C9 /* Main.storyboard */; };
/* End PBXBuildFile section */

/* Begin PBXFileReference section */
		BDB27CC42466968D00DAD8C9 /* GoToNetUI-X.app */ = {isa = PBXFileReference; explicitFileType = wrapper.application; includeInIndex = 0; path = "GoToNetUI-X.app"; sourceTree = BUILT_PRODUCTS_DIR; };
		BDB27CC72466968D00DAD8C9 /* AppDelegate.swift */ = {isa = PBXFileReference; lastKnownFileType = sourcecode.swift; path = AppDelegate.swift; sourceTree = "<group>"; };
		BDB27CC92466968D00DAD8C9 /* ContentView.swift */ = {isa = PBXFileReference; lastKnownFileType = sourcecode.swift; path = ContentView.swift; sourceTree = "<group>"; };
		BDB27CCB2466968F00DAD8C9 /* Assets.xcassets */ = {isa = PBXFileReference; lastKnownFileType = folder.assetcatalog; path = Assets.xcassets; sourceTree = "<group>"; };
		BDB27CCE2466968F00DAD8C9 /* Preview Assets.xcassets */ = {isa = PBXFileReference; lastKnownFileType = folder.assetcatalog; path = "Preview Assets.xcassets"; sourceTree = "<group>"; };
		BDB27CD12466968F00DAD8C9 /* Base */ = {isa = PBXFileReference; lastKnownFileType = file.storyboard; name = Base; path = Base.lproj/Main.storyboard; sourceTree = "<group>"; };
		BDB27CD32466968F00DAD8C9 /* Info.plist */ = {isa = PBXFileReference; lastKnownFileType = text.plist.xml; path = Info.plist; sourceTree = "<group>"; };
		BDB27CD42466968F00DAD8C9 /* GoToNetUI_X.entitlements */ = {isa = PBXFileReference; lastKnownFileType = text.plist.entitlements; path = GoToNetUI_X.entitlements; sourceTree = "<group>"; };
/* End PBXFileReference section */

/* Begin PBXFrameworksBuildPhase section */
		BDB27CC12466968D00DAD8C9 /* Frameworks */ = {
			isa = PBXFrameworksBuildPhase;
			buildActionMask = 2147483647;
			files = (
			);
			runOnlyForDeploymentPostprocessing = 0;
		};
/* End PBXFrameworksBuildPhase section */

/* Begin PBXGroup section */
		BDB27CBB2466968D00DAD8C9 = {
			isa = PBXGroup;
			children = (
				BDB27CC62466968D00DAD8C9 /* GoToNetUI-X */,
				BDB27CC52466968D00DAD8C9 /* Products */,
			);
			sourceTree = "<group>";
		};
		BDB27CC52466968D00DAD8C9 /* Products */ = {
			isa = PBXGroup;
			children = (
				BDB27CC42466968D00DAD8C9 /* GoToNetUI-X.app */,
			);
			name = Products;
			sourceTree = "<group>";
		};
		BDB27CC62466968D00DAD8C9 /* GoToNetUI-X */ = {
			isa = PBXGroup;
			children = (
				BDB27CC72466968D00DAD8C9 /* AppDelegate.swift */,
				BDB27CC92466968D00DAD8C9 /* ContentView.swift */,
				BDB27CCB2466968F00DAD8C9 /* Assets.xcassets */,
				BDB27CD02466968F00DAD8C9 /* Main.storyboard */,
				BDB27CD32466968F00DAD8C9 /* Info.plist */,
				BDB27CD42466968F00DAD8C9 /* GoToNetUI_X.entitlements */,
				BDB27CCD2466968F00DAD8C9 /* Preview Content */,
			);
			path = "GoToNetUI-X";
			sourceTree = "<group>";
		};
		BDB27CCD2466968F00DAD8C9 /* Preview Content */ = {
			isa = PBXGroup;
			children = (
				BDB27CCE2466968F00DAD8C9 /* Preview Assets.xcassets */,
			);
			path = "Preview Content";
			sourceTree = "<group>";
		};
/* End PBXGroup section */

/* Begin PBXNativeTarget section */
		BDB27CC32466968D00DAD8C9 /* GoToNetUI-X */ = {
			isa = PBXNativeTarget;
			buildConfigurationList = BDB27CD72466968F00DAD8C9 /* Build configuration list for PBXNativeTarget "GoToNetUI-X" */;
			buildPhases = (
				BDB27CC02466968D00DAD8C9 /* Sources */,
				BDB27CC12466968D00DAD8C9 /* Frameworks */,
				BDB27CC22466968D00DAD8C9 /* Resources */,
			);
			buildRules = (
			);
			dependencies = (
			);
			name = "GoToNetUI-X";
			productName = "GoToNetUI-X";
			productReference = BDB27CC42466968D00DAD8C9 /* GoToNetUI-X.app */;
			productType = "com.apple.product-type.application";
		};
/* End PBXNativeTarget section */

/* Begin PBXProject section */
		BDB27CBC2466968D00DAD8C9 /* Project object */ = {
			isa = PBXProject;
			attributes = {
				LastSwiftUpdateCheck = 1140;
				LastUpgradeCheck = 1140;
				ORGANIZATIONNAME = Luna;
				TargetAttributes = {
					BDB27CC32466968D00DAD8C9 = {
						CreatedOnToolsVersion = 11.4.1;
					};
				};
			};
			buildConfigurationList = BDB27CBF2466968D00DAD8C9 /* Build configuration list for PBXProject "GoToNetUI-X" */;
			compatibilityVersion = "Xcode 9.3";
			developmentRegion = en;
			hasScannedForEncodings = 0;
			knownRegions = (
				en,
				Base,
			);
			mainGroup = BDB27CBB2466968D00DAD8C9;
			productRefGroup = BDB27CC52466968D00DAD8C9 /* Products */;
			projectDirPath = "";
			projectRoot = "";
			targets = (
				BDB27CC32466968D00DAD8C9 /* GoToNetUI-X */,
			);
		};
/* End PBXProject section */

/* Begin PBXResourcesBuildPhase section */
		BDB27CC22466968D00DAD8C9 /* Resources */ = {
			isa = PBXResourcesBuildPhase;
			buildActionMask = 2147483647;
			files = (
				BDB27CD22466968F00DAD8C9 /* Main.storyboard in Resources */,
				BDB27CCF2466968F00DAD8C9 /* Preview Assets.xcassets in Resources */,
				BDB27CCC2466968F00DAD8C9 /* Assets.xcassets in Resources */,
			);
			runOnlyForDeploymentPostprocessing = 0;
		};
/* End PBXResourcesBuildPhase section */

/* Begin PBXSourcesBuildPhase section */
		BDB27CC02466968D00DAD8C9 /* Sources */ = {
			isa = PBXSourcesBuildPhase;
			buildActionMask = 2147483647;
			files = (
				BDB27CCA2466968D00DAD8C9 /* ContentView.swift in Sources */,
				BDB27CC82466968D00DAD8C9 /* AppDelegate.swift in Sources */,
			);
			runOnlyForDeploymentPostprocessing = 0;
		};
/* End PBXSourcesBuildPhase section */

/* Begin PBXVariantGroup section */
		BDB27CD02466968F00DAD8C9 /* Main.storyboard */ = {
			isa = PBXVariantGroup;
			children = (
				BDB27CD12466968F00DAD8C9 /* Base */,
			);
			name = Main.storyboard;
			sourceTree = "<group>";
		};
/* End PBXVariantGroup section */

/* Begin XCBuildConfiguration section */
		BDB27CD52466968F00DAD8C9 /* Debug */ = {
			isa = XCBuildConfiguration;
			buildSettings = {
				ALWAYS_SEARCH_USER_PATHS = NO;
				CLANG_ANALYZER_NONNULL = YES;
				CLANG_ANALYZER_NUMBER_OBJECT_CONVERSION = YES_AGGRESSIVE;
				CLANG_CXX_LANGUAGE_STANDARD = "gnu++14";
				CLANG_CXX_LIBRARY = "libc++";
				CLANG_ENABLE_MODULES = YES;
				CLANG_ENABLE_OBJC_ARC = YES;
				CLANG_ENABLE_OBJC_WEAK = YES;
				CLANG_WARN_BLOCK_CAPTURE_AUTORELEASING = YES;
				CLANG_WARN_BOOL_CONVERSION = YES;
				CLANG_WARN_COMMA = YES;
				CLANG_WARN_CONSTANT_CONVERSION = YES;
				CLANG_WARN_DEPRECATED_OBJC_IMPLEMENTATIONS = YES;
				CLANG_WARN_DIRECT_OBJC_ISA_USAGE = YES_ERROR;
				CLANG_WARN_DOCUMENTATION_COMMENTS = YES;
				CLANG_WARN_EMPTY_BODY = YES;
				CLANG_WARN_ENUM_CONVERSION = YES;
				CLANG_WARN_INFINITE_RECURSION = YES;
				CLANG_WARN_INT_CONVERSION = YES;
				CLANG_WARN_NON_LITERAL_NULL_CONVERSION = YES;
				CLANG_WARN_OBJC_IMPLICIT_RETAIN_SELF = YES;
				CLANG_WARN_OBJC_LITERAL_CONVERSION = YES;
				CLANG_WARN_OBJC_ROOT_CLASS = YES_ERROR;
				CLANG_WARN_RANGE_LOOP_ANALYSIS = YES;
				CLANG_WARN_STRICT_PROTOTYPES = YES;
				CLANG_WARN_SUSPICIOUS_MOVE = YES;
				CLANG_WARN_UNGUARDED_AVAILABILITY = YES_AGGRESSIVE;
				CLANG_WARN_UNREACHABLE_CODE = YES;
				CLANG_WARN__DUPLICATE_METHOD_MATCH = YES;
				COPY_PHASE_STRIP = NO;
				DEBUG_INFORMATION_FORMAT = dwarf;
				ENABLE_STRICT_OBJC_MSGSEND = YES;
				ENABLE_TESTABILITY = YES;
				GCC_C_LANGUAGE_STANDARD = gnu11;
				GCC_DYNAMIC_NO_PIC = NO;
				GCC_NO_COMMON_BLOCKS = YES;
				GCC_OPTIMIZATION_LEVEL = 0;
				GCC_PREPROCESSOR_DEFINITIONS = (
					"DEBUG=1",
					"$(inherited)",
				);
				GCC_WARN_64_TO_32_BIT_CONVERSION = YES;
				GCC_WARN_ABOUT_RETURN_TYPE = YES_ERROR;
				GCC_WARN_UNDECLARED_SELECTOR = YES;
				GCC_WARN_UNINITIALIZED_AUTOS = YES_AGGRESSIVE;
				GCC_WARN_UNUSED_FUNCTION = YES;
				GCC_WARN_UNUSED_VARIABLE = YES;
				MACOSX_DEPLOYMENT_TARGET = 10.15;
				MTL_ENABLE_DEBUG_INFO = INCLUDE_SOURCE;
				MTL_FAST_MATH = YES;
				ONLY_ACTIVE_ARCH = YES;
				SDKROOT = macosx;
				SWIFT_ACTIVE_COMPILATION_CONDITIONS = DEBUG;
				SWIFT_OPTIMIZATION_LEVEL = "-Onone";
			};
			name = Debug;
		};
		BDB27CD62466968F00DAD8C9 /* Release */ = {
			isa = XCBuildConfiguration;
			buildSettings = {
				ALWAYS_SEARCH_USER_PATHS = NO;
				CLANG_ANALYZER_NONNULL = YES;
				CLANG_ANALYZER_NUMBER_OBJECT_CONVERSION = YES_AGGRESSIVE;
				CLANG_CXX_LANGUAGE_STANDARD = "gnu++14";
				CLANG_CXX_LIBRARY = "libc++";
				CLANG_ENABLE_MODULES = YES;
				CLANG_ENABLE_OBJC_ARC = YES;
				CLANG_ENABLE_OBJC_WEAK = YES;
				CLANG_WARN_BLOCK_CAPTURE_AUTORELEASING = YES;
				CLANG_WARN_BOOL_CONVERSION = YES;
				CLANG_WARN_COMMA = YES;
				CLANG_WARN_CONSTANT_CONVERSION = YES;
				CLANG_WARN_DEPRECATED_OBJC_IMPLEMENTATIONS = YES;
				CLANG_WARN_DIRECT_OBJC_ISA_USAGE = YES_ERROR;
				CLANG_WARN_DOCUMENTATION_COMMENTS = YES;
				CLANG_WARN_EMPTY_BODY = YES;
				CLANG_WARN_ENUM_CONVERSION = YES;
				CLANG_WARN_INFINITE_RECURSION = YES;
				CLANG_WARN_INT_CONVERSION = YES;
				CLANG_WARN_NON_LITERAL_NULL_CONVERSION = YES;
				CLANG_WARN_OBJC_IMPLICIT_RETAIN_SELF = YES;
				CLANG_WARN_OBJC_LITERAL_CONVERSION = YES;
				CLANG_WARN_OBJC_ROOT_CLASS = YES_ERROR;
				CLANG_WARN_RANGE_LOOP_ANALYSIS = YES;
				CLANG_WARN_STRICT_PROTOTYPES = YES;
				CLANG_WARN_SUSPICIOUS_MOVE = YES;
				CLANG_WARN_UNGUARDED_AVAILABILITY = YES_AGGRESSIVE;
				CLANG_WARN_UNREACHABLE_CODE = YES;
				CLANG_WARN__DUPLICATE_METHOD_MATCH = YES;
				COPY_PHASE_STRIP = NO;
				DEBUG_INFORMATION_FORMAT = "dwarf-with-dsym";
				ENABLE_NS_ASSERTIONS = NO;
				ENABLE_STRICT_OBJC_MSGSEND = YES;
				GCC_C_LANGUAGE_STANDARD = gnu11;
				GCC_NO_COMMON_BLOCKS = YES;
				GCC_WARN_64_TO_32_BIT_CONVERSION = YES;
				GCC_WARN_ABOUT_RETURN_TYPE = YES_ERROR;
				GCC_WARN_UNDECLARED_SELECTOR = YES;
				GCC_WARN_UNINITIALIZED_AUTOS = YES_AGGRESSIVE;
				GCC_WARN_UNUSED_FUNCTION = YES;
				GCC_WARN_UNUSED_VARIABLE = YES;
				MACOSX_DEPLOYMENT_TARGET = 10.15;
				MTL_ENABLE_DEBUG_INFO = NO;
				MTL_FAST_MATH = YES;
				SDKROOT = macosx;
				SWIFT_COMPILATION_MODE = wholemodule;
				SWIFT_OPTIMIZATION_LEVEL = "-O";
			};
			name = Release;
		};
		BDB27CD82466968F00DAD8C9 /* Debug */ = {
			isa = XCBuildConfiguration;
			buildSettings = {
				ASSETCATALOG_COMPILER_APPICON_NAME = AppIcon;
				CODE_SIGN_ENTITLEMENTS = "GoToNetUI-X/GoToNetUI_X.entitlements";
				CODE_SIGN_STYLE = Automatic;
				COMBINE_HIDPI_IMAGES = YES;
				DEVELOPMENT_ASSET_PATHS = "\"GoToNetUI-X/Preview Content\"";
				ENABLE_PREVIEWS = YES;
				INFOPLIST_FILE = "GoToNetUI-X/Info.plist";
				LD_RUNPATH_SEARCH_PATHS = (
					"$(inherited)",
					"@executable_path/../Frameworks",
				);
				MACOSX_DEPLOYMENT_TARGET = 10.15;
				PRODUCT_BUNDLE_IDENTIFIER = "xin.luna.GoToNetUI-X";
				PRODUCT_NAME = "$(TARGET_NAME)";
				SWIFT_VERSION = 5.0;
			};
			name = Debug;
		};
		BDB27CD92466968F00DAD8C9 /* Release */ = {
			isa = XCBuildConfiguration;
			buildSettings = {
				ASSETCATALOG_COMPILER_APPICON_NAME = AppIcon;
				CODE_SIGN_ENTITLEMENTS = "GoToNetUI-X/GoToNetUI_X.entitlements";
				CODE_SIGN_STYLE = Automatic;
				COMBINE_HIDPI_IMAGES = YES;
				DEVELOPMENT_ASSET_PATHS = "\"GoToNetUI-X/Preview Content\"";
				ENABLE_PREVIEWS = YES;
				INFOPLIST_FILE = "GoToNetUI-X/Info.plist";
				LD_RUNPATH_SEARCH_PATHS = (
					"$(inherited)",
					"@executable_path/../Frameworks",
				);
				MACOSX_DEPLOYMENT_TARGET = 10.15;
				PRODUCT_BUNDLE_IDENTIFIER = "xin.luna.GoToNetUI-X";
				PRODUCT_NAME = "$(TARGET_NAME)";
				SWIFT_VERSION = 5.0;
			};
			name = Release;
		};
/* End XCBuildConfiguration section */

/* Begin XCConfigurationList section */
		BDB27CBF2466968D00DAD8C9 /* Build configuration list for PBXProject "GoToNetUI-X" */ = {
			isa = XCConfigurationList;
			buildConfigurations = (
				BDB27CD52466968F00DAD8C9 /* Debug */,
				BDB27CD62466968F00DAD8C9 /* Release */,
			);
			defaultConfigurationIsVisible = 0;
			defaultConfigurationName = Release;
		};
		BDB27CD72466968F00DAD8C9 /* Build configuration list for PBXNativeTarget "GoToNetUI-X" */ = {
			isa = XCConfigurationList;
			buildConfigurations = (
				BDB27CD82466968F00DAD8C9 /* Debug */,
				BDB27CD92466968F00DAD8C9 /* Release */,
			);
			defaultConfigurationIsVisible = 0;
			defaultConfigurationName = Release;
		};
/* End XCConfigurationList section */
	};
	rootObject = BDB27CBC2466968D00DAD8C9 /* Project object */;
}
